// !$*UTF8*$!
{
	archiveVersion = 1;
	classes = {
	};
	objectVersion = 46;
	objects = {

/* Begin PBXBuildFile section */
		32CEA3BD27961F6F00194B51 /* RTMPCreator.swift in Sources */ = {isa = PBXBuildFile; fileRef = 32CEA3B427961F6F00194B51 /* RTMPCreator.swift */; };
		32CEA3BE27961F6F00194B51 /* RTMPModule.swift in Sources */ = {isa = PBXBuildFile; fileRef = 32CEA3B727961F6F00194B51 /* RTMPModule.swift */; };
		32CEA3BF27961F6F00194B51 /* RTMPModule.m in Sources */ = {isa = PBXBuildFile; fileRef = 32CEA3B827961F6F00194B51 /* RTMPModule.m */; };
		32CEA3C027961F6F00194B51 /* RTMPViewManager.swift in Sources */ = {isa = PBXBuildFile; fileRef = 32CEA3BA27961F6F00194B51 /* RTMPViewManager.swift */; };
		32CEA3C127961F6F00194B51 /* RTMPView.swift in Sources */ = {isa = PBXBuildFile; fileRef = 32CEA3BB27961F6F00194B51 /* RTMPView.swift */; };
		32CEA3C227961F6F00194B51 /* RTMPViewManager.m in Sources */ = {isa = PBXBuildFile; fileRef = 32CEA3BC27961F6F00194B51 /* RTMPViewManager.m */; };
		B5641831B0EE116DF19373D6 /* Pods_RtmpPublish.framework in Frameworks */ = {isa = PBXBuildFile; fileRef = B6B63F6A41A4AD94B2E1B8A7 /* Pods_RtmpPublish.framework */; };
/* End PBXBuildFile section */

/* Begin PBXCopyFilesBuildPhase section */
		58B511D91A9E6C8500147676 /* CopyFiles */ = {
			isa = PBXCopyFilesBuildPhase;
			buildActionMask = 2147483647;
			dstPath = "include/$(PRODUCT_NAME)";
			dstSubfolderSpec = 16;
			files = (
			);
			runOnlyForDeploymentPostprocessing = 0;
		};
/* End PBXCopyFilesBuildPhase section */

/* Begin PBXFileReference section */
		134814201AA4EA6300B7C361 /* libRtmpPublish.a */ = {isa = PBXFileReference; explicitFileType = archive.ar; includeInIndex = 0; path = libRtmpPublish.a; sourceTree = BUILT_PRODUCTS_DIR; };
		32CEA3B427961F6F00194B51 /* RTMPCreator.swift */ = {isa = PBXFileReference; fileEncoding = 4; lastKnownFileType = sourcecode.swift; path = RTMPCreator.swift; sourceTree = "<group>"; };
		32CEA3B527961F6F00194B51 /* RtmpPublish-Bridging-Header.h */ = {isa = PBXFileReference; fileEncoding = 4; lastKnownFileType = sourcecode.c.h; path = "RtmpPublish-Bridging-Header.h"; sourceTree = "<group>"; };
		32CEA3B727961F6F00194B51 /* RTMPModule.swift */ = {isa = PBXFileReference; fileEncoding = 4; lastKnownFileType = sourcecode.swift; path = RTMPModule.swift; sourceTree = "<group>"; };
		32CEA3B827961F6F00194B51 /* RTMPModule.m */ = {isa = PBXFileReference; fileEncoding = 4; lastKnownFileType = sourcecode.c.objc; path = RTMPModule.m; sourceTree = "<group>"; };
		32CEA3BA27961F6F00194B51 /* RTMPViewManager.swift */ = {isa = PBXFileReference; fileEncoding = 4; lastKnownFileType = sourcecode.swift; path = RTMPViewManager.swift; sourceTree = "<group>"; };
		32CEA3BB27961F6F00194B51 /* RTMPView.swift */ = {isa = PBXFileReference; fileEncoding = 4; lastKnownFileType = sourcecode.swift; path = RTMPView.swift; sourceTree = "<group>"; };
		32CEA3BC27961F6F00194B51 /* RTMPViewManager.m */ = {isa = PBXFileReference; fileEncoding = 4; lastKnownFileType = sourcecode.c.objc; path = RTMPViewManager.m; sourceTree = "<group>"; };
		ACA300E203416F8AA0B3C30F /* Pods-RtmpPublish.release.xcconfig */ = {isa = PBXFileReference; includeInIndex = 1; lastKnownFileType = text.xcconfig; name = "Pods-RtmpPublish.release.xcconfig"; path = "Target Support Files/Pods-RtmpPublish/Pods-RtmpPublish.release.xcconfig"; sourceTree = "<group>"; };
		B6B63F6A41A4AD94B2E1B8A7 /* Pods_RtmpPublish.framework */ = {isa = PBXFileReference; explicitFileType = wrapper.framework; includeInIndex = 0; path = Pods_RtmpPublish.framework; sourceTree = BUILT_PRODUCTS_DIR; };
		FB3A742DCB13E60C1E3DC652 /* Pods-RtmpPublish.debug.xcconfig */ = {isa = PBXFileReference; includeInIndex = 1; lastKnownFileType = text.xcconfig; name = "Pods-RtmpPublish.debug.xcconfig"; path = "Target Support Files/Pods-RtmpPublish/Pods-RtmpPublish.debug.xcconfig"; sourceTree = "<group>"; };
/* End PBXFileReference section */

/* Begin PBXFrameworksBuildPhase section */
		58B511D81A9E6C8500147676 /* Frameworks */ = {
			isa = PBXFrameworksBuildPhase;
			buildActionMask = 2147483647;
			files = (
				B5641831B0EE116DF19373D6 /* Pods_RtmpPublish.framework in Frameworks */,
			);
			runOnlyForDeploymentPostprocessing = 0;
		};
/* End PBXFrameworksBuildPhase section */

/* Begin PBXGroup section */
		134814211AA4EA7D00B7C361 /* Products */ = {
			isa = PBXGroup;
			children = (
				134814201AA4EA6300B7C361 /* libRtmpPublish.a */,
			);
			name = Products;
			sourceTree = "<group>";
		};
		265EB68565E907192F4B3AAE /* Pods */ = {
			isa = PBXGroup;
			children = (
				FB3A742DCB13E60C1E3DC652 /* Pods-RtmpPublish.debug.xcconfig */,
				ACA300E203416F8AA0B3C30F /* Pods-RtmpPublish.release.xcconfig */,
			);
			path = Pods;
			sourceTree = "<group>";
		};
		32CEA3B627961F6F00194B51 /* RTMPModule */ = {
			isa = PBXGroup;
			children = (
				32CEA3B727961F6F00194B51 /* RTMPModule.swift */,
				32CEA3B827961F6F00194B51 /* RTMPModule.m */,
			);
			path = RTMPModule;
			sourceTree = "<group>";
		};
		32CEA3B927961F6F00194B51 /* RTMPManager */ = {
			isa = PBXGroup;
			children = (
				32CEA3BA27961F6F00194B51 /* RTMPViewManager.swift */,
				32CEA3BB27961F6F00194B51 /* RTMPView.swift */,
				32CEA3BC27961F6F00194B51 /* RTMPViewManager.m */,
			);
			path = RTMPManager;
			sourceTree = "<group>";
		};
		582D434318D446FE9DF8C82D /* Frameworks */ = {
			isa = PBXGroup;
			children = (
				B6B63F6A41A4AD94B2E1B8A7 /* Pods_RtmpPublish.framework */,
			);
			name = Frameworks;
			sourceTree = "<group>";
		};
		58B511D21A9E6C8500147676 = {
			isa = PBXGroup;
			children = (
				32CEA3B427961F6F00194B51 /* RTMPCreator.swift */,
				32CEA3B627961F6F00194B51 /* RTMPModule */,
				32CEA3B927961F6F00194B51 /* RTMPManager */,
				32CEA3B527961F6F00194B51 /* RtmpPublish-Bridging-Header.h */,
				134814211AA4EA7D00B7C361 /* Products */,
				265EB68565E907192F4B3AAE /* Pods */,
				582D434318D446FE9DF8C82D /* Frameworks */,
			);
			sourceTree = "<group>";
		};
/* End PBXGroup section */

/* Begin PBXNativeTarget section */
		58B511DA1A9E6C8500147676 /* RtmpPublish */ = {
			isa = PBXNativeTarget;
			buildConfigurationList = 58B511EF1A9E6C8500147676 /* Build configuration list for PBXNativeTarget "RtmpPublish" */;
			buildPhases = (
				0A1AF8C8DD8780396FF4DEE9 /* [CP] Check Pods Manifest.lock */,
				58B511D71A9E6C8500147676 /* Sources */,
				58B511D81A9E6C8500147676 /* Frameworks */,
				58B511D91A9E6C8500147676 /* CopyFiles */,
			);
			buildRules = (
			);
			dependencies = (
			);
			name = RtmpPublish;
			productName = RCTDataManager;
			productReference = 134814201AA4EA6300B7C361 /* libRtmpPublish.a */;
			productType = "com.apple.product-type.library.static";
		};
/* End PBXNativeTarget section */

/* Begin PBXProject section */
		58B511D31A9E6C8500147676 /* Project object */ = {
			isa = PBXProject;
			attributes = {
				LastUpgradeCheck = 0920;
				ORGANIZATIONNAME = Facebook;
				TargetAttributes = {
					58B511DA1A9E6C8500147676 = {
						CreatedOnToolsVersion = 6.1.1;
					};
				};
			};
			buildConfigurationList = 58B511D61A9E6C8500147676 /* Build configuration list for PBXProject "RtmpPublish" */;
			compatibilityVersion = "Xcode 3.2";
			developmentRegion = English;
			hasScannedForEncodings = 0;
			knownRegions = (
				English,
				en,
			);
			mainGroup = 58B511D21A9E6C8500147676;
			productRefGroup = 58B511D21A9E6C8500147676;
			projectDirPath = "";
			projectRoot = "";
			targets = (
				58B511DA1A9E6C8500147676 /* RtmpPublish */,
			);
		};
/* End PBXProject section */

/* Begin PBXShellScriptBuildPhase section */
		0A1AF8C8DD8780396FF4DEE9 /* [CP] Check Pods Manifest.lock */ = {
			isa = PBXShellScriptBuildPhase;
			buildActionMask = 2147483647;
			files = (
			);
			inputFileListPaths = (
			);
			inputPaths = (
				"${PODS_PODFILE_DIR_PATH}/Podfile.lock",
				"${PODS_ROOT}/Manifest.lock",
			);
			name = "[CP] Check Pods Manifest.lock";
			outputFileListPaths = (
			);
			outputPaths = (
				"$(DERIVED_FILE_DIR)/Pods-RtmpPublish-checkManifestLockResult.txt",
			);
			runOnlyForDeploymentPostprocessing = 0;
			shellPath = /bin/sh;
			shellScript = "diff \"${PODS_PODFILE_DIR_PATH}/Podfile.lock\" \"${PODS_ROOT}/Manifest.lock\" > /dev/null\nif [ $? != 0 ] ; then\n    # print error to STDERR\n    echo \"error: The sandbox is not in sync with the Podfile.lock. Run 'pod install' or update your CocoaPods installation.\" >&2\n    exit 1\nfi\n# This output is used by Xcode 'outputs' to avoid re-running this script phase.\necho \"SUCCESS\" > \"${SCRIPT_OUTPUT_FILE_0}\"\n";
			showEnvVarsInLog = 0;
		};
/* End PBXShellScriptBuildPhase section */

/* Begin PBXSourcesBuildPhase section */
		58B511D71A9E6C8500147676 /* Sources */ = {
			isa = PBXSourcesBuildPhase;
			buildActionMask = 2147483647;
			files = (
				32CEA3C127961F6F00194B51 /* RTMPView.swift in Sources */,
				32CEA3BF27961F6F00194B51 /* RTMPModule.m in Sources */,
				32CEA3C027961F6F00194B51 /* RTMPViewManager.swift in Sources */,
				32CEA3BE27961F6F00194B51 /* RTMPModule.swift in Sources */,
				32CEA3BD27961F6F00194B51 /* RTMPCreator.swift in Sources */,
				32CEA3C227961F6F00194B51 /* RTMPViewManager.m in Sources */,
			);
			runOnlyForDeploymentPostprocessing = 0;
		};
/* End PBXSourcesBuildPhase section */

/* Begin XCBuildConfiguration section */
		58B511ED1A9E6C8500147676 /* Debug */ = {
			isa = XCBuildConfiguration;
			buildSettings = {
				ALWAYS_SEARCH_USER_PATHS = NO;
				CLANG_CXX_LANGUAGE_STANDARD = "gnu++0x";
				CLANG_CXX_LIBRARY = "libc++";
				CLANG_ENABLE_MODULES = YES;
				CLANG_ENABLE_OBJC_ARC = YES;
				CLANG_WARN_BLOCK_CAPTURE_AUTORELEASING = YES;
				CLANG_WARN_BOOL_CONVERSION = YES;
				CLANG_WARN_COMMA = YES;
				CLANG_WARN_CONSTANT_CONVERSION = YES;
				CLANG_WARN_DIRECT_OBJC_ISA_USAGE = YES_ERROR;
				CLANG_WARN_EMPTY_BODY = YES;
				CLANG_WARN_ENUM_CONVERSION = YES;
				CLANG_WARN_INFINITE_RECURSION = YES;
				CLANG_WARN_INT_CONVERSION = YES;
				CLANG_WARN_NON_LITERAL_NULL_CONVERSION = YES;
				CLANG_WARN_OBJC_LITERAL_CONVERSION = YES;
				CLANG_WARN_OBJC_ROOT_CLASS = YES_ERROR;
				CLANG_WARN_RANGE_LOOP_ANALYSIS = YES;
				CLANG_WARN_STRICT_PROTOTYPES = YES;
				CLANG_WARN_SUSPICIOUS_MOVE = YES;
				CLANG_WARN_UNREACHABLE_CODE = YES;
				CLANG_WARN__DUPLICATE_METHOD_MATCH = YES;
				COPY_PHASE_STRIP = NO;
				ENABLE_STRICT_OBJC_MSGSEND = YES;
				ENABLE_TESTABILITY = YES;
				GCC_C_LANGUAGE_STANDARD = gnu99;
				GCC_DYNAMIC_NO_PIC = NO;
				GCC_NO_COMMON_BLOCKS = YES;
				GCC_OPTIMIZATION_LEVEL = 0;
				GCC_PREPROCESSOR_DEFINITIONS = (
					"DEBUG=1",
					"$(inherited)",
				);
				GCC_SYMBOLS_PRIVATE_EXTERN = NO;
				GCC_WARN_64_TO_32_BIT_CONVERSION = YES;
				GCC_WARN_ABOUT_RETURN_TYPE = YES_ERROR;
				GCC_WARN_UNDECLARED_SELECTOR = YES;
				GCC_WARN_UNINITIALIZED_AUTOS = YES_AGGRESSIVE;
				GCC_WARN_UNUSED_FUNCTION = YES;
				GCC_WARN_UNUSED_VARIABLE = YES;
				IPHONEOS_DEPLOYMENT_TARGET = 8.0;
				MTL_ENABLE_DEBUG_INFO = YES;
				ONLY_ACTIVE_ARCH = YES;
				SDKROOT = iphoneos;
			};
			name = Debug;
		};
		58B511EE1A9E6C8500147676 /* Release */ = {
			isa = XCBuildConfiguration;
			buildSettings = {
				ALWAYS_SEARCH_USER_PATHS = NO;
				CLANG_CXX_LANGUAGE_STANDARD = "gnu++0x";
				CLANG_CXX_LIBRARY = "libc++";
				CLANG_ENABLE_MODULES = YES;
				CLANG_ENABLE_OBJC_ARC = YES;
				CLANG_WARN_BLOCK_CAPTURE_AUTORELEASING = YES;
				CLANG_WARN_BOOL_CONVERSION = YES;
				CLANG_WARN_COMMA = YES;
				CLANG_WARN_CONSTANT_CONVERSION = YES;
				CLANG_WARN_DIRECT_OBJC_ISA_USAGE = YES_ERROR;
				CLANG_WARN_EMPTY_BODY = YES;
				CLANG_WARN_ENUM_CONVERSION = YES;
				CLANG_WARN_INFINITE_RECURSION = YES;
				CLANG_WARN_INT_CONVERSION = YES;
				CLANG_WARN_NON_LITERAL_NULL_CONVERSION = YES;
				CLANG_WARN_OBJC_LITERAL_CONVERSION = YES;
				CLANG_WARN_OBJC_ROOT_CLASS = YES_ERROR;
				CLANG_WARN_RANGE_LOOP_ANALYSIS = YES;
				CLANG_WARN_STRICT_PROTOTYPES = YES;
				CLANG_WARN_SUSPICIOUS_MOVE = YES;
				CLANG_WARN_UNREACHABLE_CODE = YES;
				CLANG_WARN__DUPLICATE_METHOD_MATCH = YES;
				COPY_PHASE_STRIP = YES;
				ENABLE_NS_ASSERTIONS = NO;
				ENABLE_STRICT_OBJC_MSGSEND = YES;
				GCC_C_LANGUAGE_STANDARD = gnu99;
				GCC_NO_COMMON_BLOCKS = YES;
				GCC_WARN_64_TO_32_BIT_CONVERSION = YES;
				GCC_WARN_ABOUT_RETURN_TYPE = YES_ERROR;
				GCC_WARN_UNDECLARED_SELECTOR = YES;
				GCC_WARN_UNINITIALIZED_AUTOS = YES_AGGRESSIVE;
				GCC_WARN_UNUSED_FUNCTION = YES;
				GCC_WARN_UNUSED_VARIABLE = YES;
				IPHONEOS_DEPLOYMENT_TARGET = 8.0;
				MTL_ENABLE_DEBUG_INFO = NO;
				SDKROOT = iphoneos;
				VALIDATE_PRODUCT = YES;
			};
			name = Release;
		};
		58B511F01A9E6C8500147676 /* Debug */ = {
			isa = XCBuildConfiguration;
			baseConfigurationReference = FB3A742DCB13E60C1E3DC652 /* Pods-RtmpPublish.debug.xcconfig */;
			buildSettings = {
				HEADER_SEARCH_PATHS = (
					"$(inherited)",
					/Applications/Xcode.app/Contents/Developer/Toolchains/XcodeDefault.xctoolchain/usr/include,
					"$(SRCROOT)/../../../React/**",
					"$(SRCROOT)/../../react-native/React/**",
				);
				LIBRARY_SEARCH_PATHS = "$(inherited)";
				OTHER_LDFLAGS = "-ObjC";
				PRODUCT_NAME = RtmpPublish;
				SKIP_INSTALL = YES;
				SWIFT_OBJC_BRIDGING_HEADER = "RtmpPublish-Bridging-Header.h";
				SWIFT_OPTIMIZATION_LEVEL = "-Onone";
				SWIFT_VERSION = 5.0;
			};
			name = Debug;
		};
		58B511F11A9E6C8500147676 /* Release */ = {
			isa = XCBuildConfiguration;
			baseConfigurationReference = ACA300E203416F8AA0B3C30F /* Pods-RtmpPublish.release.xcconfig */;
			buildSettings = {
				HEADER_SEARCH_PATHS = (
					"$(inherited)",
					/Applications/Xcode.app/Contents/Developer/Toolchains/XcodeDefault.xctoolchain/usr/include,
					"$(SRCROOT)/../../../React/**",
					"$(SRCROOT)/../../react-native/React/**",
				);
				LIBRARY_SEARCH_PATHS = "$(inherited)";
				OTHER_LDFLAGS = "-ObjC";
				PRODUCT_NAME = RtmpPublish;
				SKIP_INSTALL = YES;
				SWIFT_OBJC_BRIDGING_HEADER = "RtmpPublish-Bridging-Header.h";
				SWIFT_VERSION = 5.0;
			};
			name = Release;
		};
/* End XCBuildConfiguration section */

/* Begin XCConfigurationList section */
		58B511D61A9E6C8500147676 /* Build configuration list for PBXProject "RtmpPublish" */ = {
			isa = XCConfigurationList;
			buildConfigurations = (
				58B511ED1A9E6C8500147676 /* Debug */,
				58B511EE1A9E6C8500147676 /* Release */,
			);
			defaultConfigurationIsVisible = 0;
			defaultConfigurationName = Release;
		};
		58B511EF1A9E6C8500147676 /* Build configuration list for PBXNativeTarget "RtmpPublish" */ = {
			isa = XCConfigurationList;
			buildConfigurations = (
				58B511F01A9E6C8500147676 /* Debug */,
				58B511F11A9E6C8500147676 /* Release */,
			);
			defaultConfigurationIsVisible = 0;
			defaultConfigurationName = Release;
		};
/* End XCConfigurationList section */
	};
	rootObject = 58B511D31A9E6C8500147676 /* Project object */;
}
